
Microsoft Visual Studio Solution File, Format Version 12.00
# Visual Studio Version 17
VisualStudioVersion = 17.8.34322.80
MinimumVisualStudioVersion = 10.0.40219.1
Project("{2150E333-8FDC-42A3-9474-1A3956D46DE8}") = "src", "src", "{E89ED219-646D-42AD-9367-95150808751C}"
EndProject
Project("{2150E333-8FDC-42A3-9474-1A3956D46DE8}") = "Services", "Services", "{B66D66CE-69AF-458C-A0B6-C245E5C57599}"
EndProject
Project("{2150E333-8FDC-42A3-9474-1A3956D46DE8}") = "IdentityService", "IdentityService", "{629A393C-E21E-4D6C-B002-47AE79E06D5C}"
EndProject
Project("{9A19103F-16F7-4668-BE54-9A1E7A4F7556}") = "IdentityService.Api", "IdentityService.Api\IdentityService.Api.csproj", "{6097E4C3-CC5E-4E24-99EA-7C85D69FD4EE}"
EndProject
Project("{9A19103F-16F7-4668-BE54-9A1E7A4F7556}") = "IdentityServer.Api", "IdentityServer.Api\IdentityServer.Api.csproj", "{8C28BF9F-0E19-4122-98B3-514DC1B07123}"
EndProject
Project("{2150E333-8FDC-42A3-9474-1A3956D46DE8}") = "ApiGateways", "ApiGateways", "{C4831319-1D44-42BA-A529-854012856D61}"
EndProject
Project("{2150E333-8FDC-42A3-9474-1A3956D46DE8}") = "OcelotApiGateway", "OcelotApiGateway", "{54C7F03B-AE72-4B68-88E5-F8B3B9218C34}"
EndProject
Project("{9A19103F-16F7-4668-BE54-9A1E7A4F7556}") = "OcelotApiGateway.Api", "OcelotApiGateway.Api\OcelotApiGateway.Api.csproj", "{E7CCEF9D-B9DC-4447-830A-CE6E24D212E9}"
EndProject
Project("{2150E333-8FDC-42A3-9474-1A3956D46DE8}") = "BookService", "BookService", "{0043D411-4AE5-459E-A06A-108AD0682884}"
EndProject
Project("{FAE04EC0-301F-11D3-BF4B-00C04F79EFBC}") = "BookService.Api", "BookService.Api\BookService.Api.csproj", "{279C62C1-33A8-48CE-873A-1911ADBF0D45}"
EndProject
Global
	GlobalSection(SolutionConfigurationPlatforms) = preSolution
		Debug|Any CPU = Debug|Any CPU
		Release|Any CPU = Release|Any CPU
	EndGlobalSection
	GlobalSection(ProjectConfigurationPlatforms) = postSolution
		{6097E4C3-CC5E-4E24-99EA-7C85D69FD4EE}.Debug|Any CPU.ActiveCfg = Debug|Any CPU
		{6097E4C3-CC5E-4E24-99EA-7C85D69FD4EE}.Debug|Any CPU.Build.0 = Debug|Any CPU
		{6097E4C3-CC5E-4E24-99EA-7C85D69FD4EE}.Release|Any CPU.ActiveCfg = Release|Any CPU
		{6097E4C3-CC5E-4E24-99EA-7C85D69FD4EE}.Release|Any CPU.Build.0 = Release|Any CPU
		{8C28BF9F-0E19-4122-98B3-514DC1B07123}.Debug|Any CPU.ActiveCfg = Debug|Any CPU
		{8C28BF9F-0E19-4122-98B3-514DC1B07123}.Debug|Any CPU.Build.0 = Debug|Any CPU
		{8C28BF9F-0E19-4122-98B3-514DC1B07123}.Release|Any CPU.ActiveCfg = Release|Any CPU
		{8C28BF9F-0E19-4122-98B3-514DC1B07123}.Release|Any CPU.Build.0 = Release|Any CPU
		{E7CCEF9D-B9DC-4447-830A-CE6E24D212E9}.Debug|Any CPU.ActiveCfg = Debug|Any CPU
		{E7CCEF9D-B9DC-4447-830A-CE6E24D212E9}.Debug|Any CPU.Build.0 = Debug|Any CPU
		{E7CCEF9D-B9DC-4447-830A-CE6E24D212E9}.Release|Any CPU.ActiveCfg = Release|Any CPU
		{E7CCEF9D-B9DC-4447-830A-CE6E24D212E9}.Release|Any CPU.Build.0 = Release|Any CPU
		{279C62C1-33A8-48CE-873A-1911ADBF0D45}.Debug|Any CPU.ActiveCfg = Debug|Any CPU
		{279C62C1-33A8-48CE-873A-1911ADBF0D45}.Debug|Any CPU.Build.0 = Debug|Any CPU
		{279C62C1-33A8-48CE-873A-1911ADBF0D45}.Release|Any CPU.ActiveCfg = Release|Any CPU
		{279C62C1-33A8-48CE-873A-1911ADBF0D45}.Release|Any CPU.Build.0 = Release|Any CPU
	EndGlobalSection
	GlobalSection(SolutionProperties) = preSolution
		HideSolutionNode = FALSE
	EndGlobalSection
	GlobalSection(NestedProjects) = preSolution
		{B66D66CE-69AF-458C-A0B6-C245E5C57599} = {E89ED219-646D-42AD-9367-95150808751C}
		{629A393C-E21E-4D6C-B002-47AE79E06D5C} = {B66D66CE-69AF-458C-A0B6-C245E5C57599}
		{6097E4C3-CC5E-4E24-99EA-7C85D69FD4EE} = {629A393C-E21E-4D6C-B002-47AE79E06D5C}
		{8C28BF9F-0E19-4122-98B3-514DC1B07123} = {629A393C-E21E-4D6C-B002-47AE79E06D5C}
		{C4831319-1D44-42BA-A529-854012856D61} = {E89ED219-646D-42AD-9367-95150808751C}
		{54C7F03B-AE72-4B68-88E5-F8B3B9218C34} = {C4831319-1D44-42BA-A529-854012856D61}
		{E7CCEF9D-B9DC-4447-830A-CE6E24D212E9} = {54C7F03B-AE72-4B68-88E5-F8B3B9218C34}
		{0043D411-4AE5-459E-A06A-108AD0682884} = {B66D66CE-69AF-458C-A0B6-C245E5C57599}
		{279C62C1-33A8-48CE-873A-1911ADBF0D45} = {0043D411-4AE5-459E-A06A-108AD0682884}
	EndGlobalSection
	GlobalSection(ExtensibilityGlobals) = postSolution
		SolutionGuid = {4DCA0260-82C3-40BE-B6E1-E7AF918A93C3}
	EndGlobalSection
EndGlobal
